
Microsoft Visual Studio Solution File, Format Version 12.00
# Visual Studio Version 16
VisualStudioVersion = 16.0.32407.337
MinimumVisualStudioVersion = 10.0.40219.1
Project("{9A19103F-16F7-4668-BE54-9A1E7A4F7556}") = "BreadEngine", "BreadEngine.csproj", "{665B7350-033B-4F90-B3EB-A3A72709CF26}"
EndProject
Global
	GlobalSection(SolutionConfigurationPlatforms) = preSolution
		Debug|Any CPU = Debug|Any CPU
		Release|Any CPU = Release|Any CPU
	EndGlobalSection
	GlobalSection(ProjectConfigurationPlatforms) = postSolution
		{665B7350-033B-4F90-B3EB-A3A72709CF26}.Debug|Any CPU.ActiveCfg = Debug|Any CPU
		{665B7350-033B-4F90-B3EB-A3A72709CF26}.Debug|Any CPU.Build.0 = Debug|Any CPU
		{665B7350-033B-4F90-B3EB-A3A72709CF26}.Release|Any CPU.ActiveCfg = Release|Any CPU
		{665B7350-033B-4F90-B3EB-A3A72709CF26}.Release|Any CPU.Build.0 = Release|Any CPU
	EndGlobalSection
	GlobalSection(SolutionProperties) = preSolution
		HideSolutionNode = FALSE
	EndGlobalSection
	GlobalSection(ExtensibilityGlobals) = postSolution
		SolutionGuid = {F0D0766F-8F28-4C77-81CB-88C2EE09D53F}
	EndGlobalSection
EndGlobal
